
Microsoft Visual Studio Solution File, Format Version 12.00
# Visual Studio Version 17
VisualStudioVersion = 17.9.34728.123
MinimumVisualStudioVersion = 10.0.40219.1
Project("{FAE04EC0-301F-11D3-BF4B-00C04F79EFBC}") = "Kantar", "Kantar\Kantar.csproj", "{3B5FF232-649C-4E93-9BD6-B46BB71E5083}"
EndProject
Global
	GlobalSection(SolutionConfigurationPlatforms) = preSolution
		Debug|Any CPU = Debug|Any CPU
		Release|Any CPU = Release|Any CPU
	EndGlobalSection
	GlobalSection(ProjectConfigurationPlatforms) = postSolution
		{3B5FF232-649C-4E93-9BD6-B46BB71E5083}.Debug|Any CPU.ActiveCfg = Debug|Any CPU
		{3B5FF232-649C-4E93-9BD6-B46BB71E5083}.Debug|Any CPU.Build.0 = Debug|Any CPU
		{3B5FF232-649C-4E93-9BD6-B46BB71E5083}.Release|Any CPU.ActiveCfg = Release|Any CPU
		{3B5FF232-649C-4E93-9BD6-B46BB71E5083}.Release|Any CPU.Build.0 = Release|Any CPU
	EndGlobalSection
	GlobalSection(SolutionProperties) = preSolution
		HideSolutionNode = FALSE
	EndGlobalSection
	GlobalSection(ExtensibilityGlobals) = postSolution
		SolutionGuid = {2C2448F4-1E07-41E0-93D9-BE1AD7BD0F8D}
	EndGlobalSection
EndGlobal
